schema: '2.0'
stages:
  octagones:
    cmd: python src/prepare_polygons.py
  brush-work:
    cmd: python src/prepare_masks.py
  k2000:
    cmd: python src/deeplabv3_plus.py --type dl
    params:
      params.yaml:
        k2000.epochs: 12
    outs:
    - path: k2000.json
      md5: d82988059d17646c1ac62ccf87526305
      size: 299
    - path: k2000/Dice_coefficient.csv
      md5: 7c0d8ad0e308e1183fa9e6677d19009b
      size: 13373
    - path: k2000/Dice_coefficient_density.jpg
      md5: 07811c1288041573516505e8f4605646
      size: 17286
    - path: k2000/accuracy_multi_plots.csv
      md5: 5a8a13802bf3d15821d120023c0fcfe3
      size: 1049
    - path: k2000/inference.jpg
      md5: 29c7fc4d20c3f1989b25e1b265298af4
      size: 99765
    - path: k2000/loss_multi_plots.csv
      md5: f49c833f464bc09baf9b4266ab693f06
      size: 1042
    - path: k2000/mIoU.csv
      md5: 2fb61d418e572172baa4ce99da82d8d1
      size: 13256
    - path: k2000/mIoU_density.jpg
      md5: 90ffb6f9b78be8fe2541883496874a00
      size: 15636
    - path: models/k2000
      md5: 9857614d75f76fb31e9b1faa8871e89e.dir
      size: 146551697
      nfiles: 4
  kit:
    cmd: python src/inference.py
  dolorean:
    cmd: python src/U-Net_Xception.py --type dl
    outs:
    - path: dolorean.json
      md5: 091220e531c41a108bb3f25bc43877fc
      size: 298
    - path: dolorean/Dice_coefficient.csv
      md5: c2770c21a0a6afcf43c83da787e870f3
      size: 13380
    - path: dolorean/Dice_coefficient_density.jpg
      md5: 4388c9adfc4ed91b77a96f716bc9d324
      size: 17508
    - path: dolorean/accuracy_multi_plots.csv
      md5: 4d1e6311c62422d191cedbb7df17addb
      size: 1052
    - path: dolorean/inference.jpg
      md5: 67f911f1f0138da5661820289098a367
      size: 105884
    - path: dolorean/loss_multi_plots.csv
      md5: c56e59fb8600933f7eff5e718c5f0588
      size: 1046
    - path: dolorean/mIoU.csv
      md5: dfc05be55312a01db34a5d80a800791a
      size: 13244
    - path: dolorean/mIoU_density.jpg
      md5: a569e33230c7f93a7930495faeab940b
      size: 15564
    - path: models/dolorean
      md5: a66aba901eeb4ffbf58a6e95b2b1c730.dir
      size: 26598862
      nfiles: 4
  shelob:
    cmd: python src/HM_U_Net_Xception.py --type dl
    outs:
    - path: shelob/shelob_awards.csv
      md5: 156eee205c087e4acc1c9b4ff4e17d7b
      size: 57
  stick:
    cmd: python src/HM_deeplabv3_plus.py --type dl
    outs:
    - path: stick/stick_awards.csv
      md5: 167b2c06847576dfd91a4610bfcc7905
      size: 76
  multiplication:
    cmd: python src/data_augmentation.py
  experiments:
    cmd: python src/rand_grid_search.py
