schema: '2.0'
stages:
  octagones:
    cmd: python src/prepare_polygons.py
  brush-work:
    cmd: python src/prepare_masks.py
  k2000:
    cmd: python src/deeplabv3_plus.py
    deps:
    - path: data/
      md5: fdbef0d4c685ae1a1b7bc54110a30dfa.dir
      size: 12584850580
      nfiles: 35004
    params:
      params.yaml:
        k2000.epochs: 1
    outs:
    - path: k2000.json
      md5: ac7f40169dc5f7cd7edd0672ca60f522
      size: 291
    - path: k2000/Dice_coefficient.csv
      md5: 8de3cd1c19b28431ebfe60a25e5291a7
      size: 2619
    - path: k2000/Dice_coefficient_density.jpg
      md5: c785336afa4d2ff3a7167517b9194a09
      size: 16194
    - path: k2000/accuracy_multi_plots.csv
      md5: bf6a7bd0d769b170ad573ff28da9a531
      size: 119
    - path: k2000/loss_multi_plots.csv
      md5: 9113bcde0a9d4d251ed69c88e16d6507
      size: 117
    - path: k2000/mIoU.csv
      md5: 7cf7991e1e24e75c24e69b24c1309638
      size: 2496
    - path: k2000/mIoU_density.jpg
      md5: 60be835feb954cca8d6faab1b63f16cf
      size: 15783
    - path: models/k2000
      md5: e35b0ca55999a0f73654478bee8f9c26.dir
      size: 146546615
      nfiles: 4
  kit:
    cmd: python src/inference.py
  dolorean:
    cmd: python src/U-Net_Xception.py
    outs:
    - path: dolorean.json
      md5: d52ae655c9fed5f0e0ae91def439f080
      size: 297
    - path: dolorean/Dice_coefficient.csv
      md5: 844ee0d3f7499c9af9c417ec8047db71
      size: 2621
    - path: dolorean/Dice_coefficient_density.jpg
      md5: e722125b9216c866fcc6ae16841f83b1
      size: 17921
    - path: dolorean/accuracy_multi_plots.csv
      md5: db87c2ef48682641c654e213d9643d58
      size: 791
    - path: dolorean/loss_multi_plots.csv
      md5: 5dc72e1dd99f96b7a50a04389fd90a25
      size: 786
    - path: dolorean/mIoU.csv
      md5: 61bc837f040b873fcd904bea34004fa3
      size: 2500
    - path: dolorean/mIoU_density.jpg
      md5: 551fdd0f22bd32e88d7c225b02c159e0
      size: 14897
    - path: models/dolorean
      md5: c7873da2b16a3458de6a19fae0a6715b.dir
      size: 26693746
      nfiles: 4
